<?xml version="1.0" encoding="UTF-8"?>
<Scheme
   LastUpgradeVersion = "1600"
   version = "1.3">
   <BuildAction
      parallelizeBuildables = "YES"
      buildImplicitDependencies = "YES">
      <BuildActionEntries>
         <BuildActionEntry
            buildForTesting = "YES"
            buildForRunning = "YES"
            buildForProfiling = "YES"
            buildForArchiving = "YES"
            buildForAnalyzing = "YES">
            <BuildableReference
               BuildableIdentifier = "primary"
               BlueprintIdentifier = "770F653A8D0232BEB735A8F8"
               BuildableName = "TabekiriBiyori.app"
               BlueprintName = "TabekiriBiyori"
               ReferencedContainer = "container:TabekiriBiyori.xcodeproj">
            </BuildableReference>
         </BuildActionEntry>
         <BuildActionEntry
            buildForTesting = "YES"
            buildForRunning = "YES"
            buildForProfiling = "YES"
            buildForArchiving = "YES"
            buildForAnalyzing = "YES">
            <BuildableReference
               BuildableIdentifier = "primary"
               BlueprintIdentifier = "067034C0290AEF004BA98204"
               BuildableName = "TabekiriWidget.appex"
               BlueprintName = "TabekiriWidget"
               ReferencedContainer = "container:TabekiriBiyori.xcodeproj">
            </BuildableReference>
         </BuildActionEntry>
      </BuildActionEntries>
   </BuildAction>
   <TestAction
      buildConfiguration = "Debug"
      selectedDebuggerIdentifier = "Xcode.DebuggerFoundation.Debugger.LLDB"
      selectedLauncherIdentifier = "Xcode.DebuggerFoundation.Launcher.LLDB"
      shouldUseLaunchSchemeArgsEnv = "YES">
<StoreKitConfigurationFileReference
   identifier = "../../../TabekiriBiyori/Configuration.storekit">
</StoreKitConfigurationFileReference>
      <MacroExpansion>
         <BuildableReference
            BuildableIdentifier = "primary"
            BlueprintIdentifier = "770F653A8D0232BEB735A8F8"
            BuildableName = "TabekiriBiyori.app"
            BlueprintName = "TabekiriBiyori"
            ReferencedContainer = "container:TabekiriBiyori.xcodeproj">
         </BuildableReference>
      </MacroExpansion>
      <Testables>
         <TestableReference
            skipped = "NO">
            <BuildableReference
               BuildableIdentifier = "primary"
               BlueprintIdentifier = "57268BA648214B3B0B150972"
               BuildableName = "TabekiriBiyoriTests.xctest"
               BlueprintName = "TabekiriBiyoriTests"
               ReferencedContainer = "container:TabekiriBiyori.xcodeproj">
            </BuildableReference>
         </TestableReference>
         <TestableReference
            skipped = "NO">
            <BuildableReference
               BuildableIdentifier = "primary"
               BlueprintIdentifier = "DB7021592F4289AE1C9083BA"
               BuildableName = "TabekiriBiyoriUITests.xctest"
               BlueprintName = "TabekiriBiyoriUITests"
               ReferencedContainer = "container:TabekiriBiyori.xcodeproj">
            </BuildableReference>
         </TestableReference>
      </Testables>
   </TestAction>
   <LaunchAction
      buildConfiguration = "Debug"
      selectedDebuggerIdentifier = "Xcode.DebuggerFoundation.Debugger.LLDB"
      selectedLauncherIdentifier = "Xcode.DebuggerFoundation.Launcher.LLDB"
      launchStyle = "0"
      useCustomWorkingDirectory = "NO"
      ignoresPersistentStateOnLaunch = "NO"
      debugDocumentVersioning = "YES"
      debugServiceExtension = "internal"
      allowLocationSimulation = "YES">
<StoreKitConfigurationFileReference
   identifier = "../../../TabekiriBiyori/Configuration.storekit">
</StoreKitConfigurationFileReference>
      <BuildableProductRunnable
         runnableDebuggingMode = "0">
         <BuildableReference
            BuildableIdentifier = "primary"
            BlueprintIdentifier = "770F653A8D0232BEB735A8F8"
            BuildableName = "TabekiriBiyori.app"
            BlueprintName = "TabekiriBiyori"
            ReferencedContainer = "container:TabekiriBiyori.xcodeproj">
         </BuildableReference>
      </BuildableProductRunnable>
   </LaunchAction>
   <ProfileAction
      buildConfiguration = "Release"
      shouldUseLaunchSchemeArgsEnv = "YES"
      savedToolIdentifier = ""
      useCustomWorkingDirectory = "NO"
      debugDocumentVersioning = "YES">
      <BuildableProductRunnable
         runnableDebuggingMode = "0">
         <BuildableReference
            BuildableIdentifier = "primary"
            BlueprintIdentifier = "770F653A8D0232BEB735A8F8"
            BuildableName = "TabekiriBiyori.app"
            BlueprintName = "TabekiriBiyori"
            ReferencedContainer = "container:TabekiriBiyori.xcodeproj">
         </BuildableReference>
      </BuildableProductRunnable>
   </ProfileAction>
   <AnalyzeAction
      buildConfiguration = "Debug">
   </AnalyzeAction>
   <ArchiveAction
      buildConfiguration = "Release"
      revealArchiveInOrganizer = "YES">
   </ArchiveAction>
</Scheme>
