// !$*UTF8*$!
{
	archiveVersion = 1;
	classes = {
	};
	objectVersion = 46;
	objects = {

/* Begin PBXBuildFile section */
		043CCCAFC701E0B2A3AFBFD9 /* PrivacyInfo.xcprivacy in Resources */ = {isa = PBXBuildFile; fileRef = 6A5F0512D903A955F9D8B171 /* PrivacyInfo.xcprivacy */; };
		08A949C1B8FB99C8187D43CA /* CameraPicker.swift in Sources */ = {isa = PBXBuildFile; fileRef = BCF06C85703C1953C7FAA580 /* CameraPicker.swift */; };
		097BB9F9783C99C046F00B88 /* Foundation.framework in Frameworks */ = {isa = PBXBuildFile; fileRef = 6FA0DE76AA40A9597F5A1C46 /* Foundation.framework */; };
		18051AA8EBD76111253169C4 /* TabekiriWidget.appex in Embed App Extensions */ = {isa = PBXBuildFile; fileRef = E0242989E26F0D6F80B53072 /* TabekiriWidget.appex */; };
		26E0D4D97D222EC259C95F9A /* Foundation.framework in Frameworks */ = {isa = PBXBuildFile; fileRef = 6FA0DE76AA40A9597F5A1C46 /* Foundation.framework */; };
		2CE18ED5BF41A6DF9AA759CF /* HomeView.swift in Sources */ = {isa = PBXBuildFile; fileRef = 82004250ED0160C2194A418F /* HomeView.swift */; };
		2DE1CE0389B04A25AFDF4595 /* AppTheme.swift in Sources */ = {isa = PBXBuildFile; fileRef = 075467D82E0C22F47B4080EA /* AppTheme.swift */; };
		37435FF31D5D16AB6473BA9E /* HistoryView.swift in Sources */ = {isa = PBXBuildFile; fileRef = 217993447B704DF2C4B2E01D /* HistoryView.swift */; };
		3B2DA1EFED43C607294C14E2 /* PrivacyInfo.xcprivacy in Resources */ = {isa = PBXBuildFile; fileRef = 758B641AD811B297BA8EEF1E /* PrivacyInfo.xcprivacy */; };
		3FA60048E8CC5566F14101F5 /* TabekiriBiyoriApp.swift in Sources */ = {isa = PBXBuildFile; fileRef = CA93976FF93982188CCA6A8C /* TabekiriBiyoriApp.swift */; };
		41A796EFF03EE1D2A42238EC /* AppTheme.swift in Sources */ = {isa = PBXBuildFile; fileRef = 5082525AA9DB070DE9233F98 /* AppTheme.swift */; };
		41E79CA87A914738671EDD13 /* FoodEditorView.swift in Sources */ = {isa = PBXBuildFile; fileRef = D1CEB332628B86D826898EDB /* FoodEditorView.swift */; };
		45A93332997211347716B795 /* ReminderService.swift in Sources */ = {isa = PBXBuildFile; fileRef = A6EB36DC8F39C1A703F3D2EB /* ReminderService.swift */; };
		4FF68CB865FE1D53E7D7424D /* FoodItem.swift in Sources */ = {isa = PBXBuildFile; fileRef = 94CE4B567F0E5CF0FD00E803 /* FoodItem.swift */; };
		54EACECAD3C0634A8DCC038E /* Foundation.framework in Frameworks */ = {isa = PBXBuildFile; fileRef = 6FA0DE76AA40A9597F5A1C46 /* Foundation.framework */; };
		59FDEDD26F8A14E7FC4BC059 /* RootView.swift in Sources */ = {isa = PBXBuildFile; fileRef = 879C02194C5CC5FFACC31115 /* RootView.swift */; };
		6AA971EF344B62E4DAD25949 /* FoodDetailView.swift in Sources */ = {isa = PBXBuildFile; fileRef = 51B1FE52FCE62842AA7E065E /* FoodDetailView.swift */; };
		6B4DE3C48B33E2F01AFA8893 /* InfoPlist.strings in Resources */ = {isa = PBXBuildFile; fileRef = 16A8D368C97418506D747F47 /* InfoPlist.strings */; };
		806D74BE5A937DA6371B971F /* FoodItem.swift in Sources */ = {isa = PBXBuildFile; fileRef = 5FF1B49C20031E7A057C584F /* FoodItem.swift */; };
		A8727BF353D1FDC5CB476DC8 /* DateRecognitionService.swift in Sources */ = {isa = PBXBuildFile; fileRef = 0EA77D4F2FD09D3CC3330202 /* DateRecognitionService.swift */; };
		AD296AF815F143BB048987F4 /* Foundation.framework in Frameworks */ = {isa = PBXBuildFile; fileRef = 6FA0DE76AA40A9597F5A1C46 /* Foundation.framework */; };
		AF14AA1F2F68C80499A6470B /* SettingsView.swift in Sources */ = {isa = PBXBuildFile; fileRef = 66993DF1CDB2478007A4C4DD /* SettingsView.swift */; };
		B81FA3E3E6BB5028AC3AEA4F /* Widget.strings in Resources */ = {isa = PBXBuildFile; fileRef = 0677585EB110794DE7DA6CF2 /* Widget.strings */; };
		BA87C98E6CADFCC2A31FEA0D /* Assets.xcassets in Resources */ = {isa = PBXBuildFile; fileRef = 027F312CE71263B66AF6A599 /* Assets.xcassets */; };
		C99FF3DB73D6CEDE514D1179 /* FoodItemTests.swift in Sources */ = {isa = PBXBuildFile; fileRef = E13DFB11EFD39B9118E5FF66 /* FoodItemTests.swift */; };
		C9AA01F26C95B9EAF3DD1376 /* Localizable.strings in Resources */ = {isa = PBXBuildFile; fileRef = 0B4BC76D7875D8BD02C0C094 /* Localizable.strings */; };
		C9B79731D45B8835789FD86A /* WidgetSnapshotService.swift in Sources */ = {isa = PBXBuildFile; fileRef = 4A73B454F402BA4683573C5D /* WidgetSnapshotService.swift */; };
		CFABCD93797AE29125895ABC /* TabekiriWidget.swift in Sources */ = {isa = PBXBuildFile; fileRef = CEA114FBCC7369FB81614436 /* TabekiriWidget.swift */; };
		D00AF1593AA2886A8FDF1699 /* WidgetSnapshotService.swift in Sources */ = {isa = PBXBuildFile; fileRef = 49EC5F7B2C23FA189E99A61A /* WidgetSnapshotService.swift */; };
		E56729B7019808217BA76239 /* TabekiriBiyoriUITests.swift in Sources */ = {isa = PBXBuildFile; fileRef = 5C8D63A4BE9AD0D1241A547C /* TabekiriBiyoriUITests.swift */; };
		E87D110FBEDE51926C021A55 /* AppLanguage.swift in Sources */ = {isa = PBXBuildFile; fileRef = 7A9AE0CF500E0D1CA69ECADC /* AppLanguage.swift */; };
/* End PBXBuildFile section */

/* Begin PBXContainerItemProxy section */
		2893CD88F1CEAF0321FF6EDF /* PBXContainerItemProxy */ = {
			isa = PBXContainerItemProxy;
			containerPortal = FC09C58B731B924D2CC3B184 /* Project object */;
			proxyType = 1;
			remoteGlobalIDString = C1611CB60FB93EDF43F4D3D5;
			remoteInfo = TabekiriWidget;
		};
		358AB8919E6C2971A647D5C2 /* PBXContainerItemProxy */ = {
			isa = PBXContainerItemProxy;
			containerPortal = FC09C58B731B924D2CC3B184 /* Project object */;
			proxyType = 1;
			remoteGlobalIDString = 68928D180E55929E0566BD07;
			remoteInfo = TabekiriBiyori;
		};
		6164C9E02E8D3664CA060E2A /* PBXContainerItemProxy */ = {
			isa = PBXContainerItemProxy;
			containerPortal = FC09C58B731B924D2CC3B184 /* Project object */;
			proxyType = 1;
			remoteGlobalIDString = 68928D180E55929E0566BD07;
			remoteInfo = TabekiriBiyori;
		};
/* End PBXContainerItemProxy section */

/* Begin PBXCopyFilesBuildPhase section */
		66C590184FC3063828B375DE /* Embed App Extensions */ = {
			isa = PBXCopyFilesBuildPhase;
			buildActionMask = 2147483647;
			dstPath = "";
			dstSubfolderSpec = 13;
			files = (
				18051AA8EBD76111253169C4 /* TabekiriWidget.appex in Embed App Extensions */,
			);
			name = "Embed App Extensions";
			runOnlyForDeploymentPostprocessing = 0;
		};
/* End PBXCopyFilesBuildPhase section */

/* Begin PBXFileReference section */
		027F312CE71263B66AF6A599 /* Assets.xcassets */ = {isa = PBXFileReference; includeInIndex = 1; lastKnownFileType = folder.assetcatalog; path = Assets.xcassets; sourceTree = "<group>"; };
		075467D82E0C22F47B4080EA /* AppTheme.swift */ = {isa = PBXFileReference; includeInIndex = 1; lastKnownFileType = sourcecode.swift; name = AppTheme.swift; path = ../TabekiriBiyori/App/AppTheme.swift; sourceTree = "<group>"; };
		0EA77D4F2FD09D3CC3330202 /* DateRecognitionService.swift */ = {isa = PBXFileReference; includeInIndex = 1; lastKnownFileType = sourcecode.swift; name = DateRecognitionService.swift; path = Services/DateRecognitionService.swift; sourceTree = "<group>"; };
		217993447B704DF2C4B2E01D /* HistoryView.swift */ = {isa = PBXFileReference; includeInIndex = 1; lastKnownFileType = sourcecode.swift; name = HistoryView.swift; path = Views/HistoryView.swift; sourceTree = "<group>"; };
		22B2487E7A8A49631BF5E597 /* en */ = {isa = PBXFileReference; includeInIndex = 1; lastKnownFileType = text.plist.strings; name = en; path = en.lproj/Widget.strings; sourceTree = "<group>"; };
		4740A8AAA67B21752CA29F98 /* zh-Hans */ = {isa = PBXFileReference; includeInIndex = 1; lastKnownFileType = text.plist.strings; name = "zh-Hans"; path = "zh-Hans.lproj/Widget.strings"; sourceTree = "<group>"; };
		49EC5F7B2C23FA189E99A61A /* WidgetSnapshotService.swift */ = {isa = PBXFileReference; includeInIndex = 1; lastKnownFileType = sourcecode.swift; name = WidgetSnapshotService.swift; path = ../TabekiriBiyori/Services/WidgetSnapshotService.swift; sourceTree = "<group>"; };
		4A73B454F402BA4683573C5D /* WidgetSnapshotService.swift */ = {isa = PBXFileReference; includeInIndex = 1; lastKnownFileType = sourcecode.swift; name = WidgetSnapshotService.swift; path = Services/WidgetSnapshotService.swift; sourceTree = "<group>"; };
		5082525AA9DB070DE9233F98 /* AppTheme.swift */ = {isa = PBXFileReference; includeInIndex = 1; lastKnownFileType = sourcecode.swift; name = AppTheme.swift; path = App/AppTheme.swift; sourceTree = "<group>"; };
		510C974E007BCC68EE3E49AA /* TabekiriBiyori.app */ = {isa = PBXFileReference; explicitFileType = wrapper.application; includeInIndex = 0; path = TabekiriBiyori.app; sourceTree = BUILT_PRODUCTS_DIR; };
		51B1FE52FCE62842AA7E065E /* FoodDetailView.swift */ = {isa = PBXFileReference; includeInIndex = 1; lastKnownFileType = sourcecode.swift; name = FoodDetailView.swift; path = Views/FoodDetailView.swift; sourceTree = "<group>"; };
		5C8D63A4BE9AD0D1241A547C /* TabekiriBiyoriUITests.swift */ = {isa = PBXFileReference; includeInIndex = 1; lastKnownFileType = sourcecode.swift; path = TabekiriBiyoriUITests.swift; sourceTree = "<group>"; };
		5FF1B49C20031E7A057C584F /* FoodItem.swift */ = {isa = PBXFileReference; includeInIndex = 1; lastKnownFileType = sourcecode.swift; name = FoodItem.swift; path = ../TabekiriBiyori/Models/FoodItem.swift; sourceTree = "<group>"; };
		66993DF1CDB2478007A4C4DD /* SettingsView.swift */ = {isa = PBXFileReference; includeInIndex = 1; lastKnownFileType = sourcecode.swift; name = SettingsView.swift; path = Views/SettingsView.swift; sourceTree = "<group>"; };
		6945DA43E4CBC5CEFA0359EB /* ja */ = {isa = PBXFileReference; includeInIndex = 1; lastKnownFileType = text.plist.strings; name = ja; path = ja.lproj/Localizable.strings; sourceTree = "<group>"; };
		6A5F0512D903A955F9D8B171 /* PrivacyInfo.xcprivacy */ = {isa = PBXFileReference; includeInIndex = 1; path = PrivacyInfo.xcprivacy; sourceTree = "<group>"; };
		6FA0DE76AA40A9597F5A1C46 /* Foundation.framework */ = {isa = PBXFileReference; lastKnownFileType = wrapper.framework; name = Foundation.framework; path = Platforms/iPhoneOS.platform/Developer/SDKs/iPhoneOS18.0.sdk/System/Library/Frameworks/Foundation.framework; sourceTree = DEVELOPER_DIR; };
		758B641AD811B297BA8EEF1E /* PrivacyInfo.xcprivacy */ = {isa = PBXFileReference; includeInIndex = 1; path = PrivacyInfo.xcprivacy; sourceTree = "<group>"; };
		75F4ED89F10D61B71C68694C /* en */ = {isa = PBXFileReference; includeInIndex = 1; lastKnownFileType = text.plist.strings; name = en; path = en.lproj/InfoPlist.strings; sourceTree = "<group>"; };
		7A8ACF1F7E8D8BC38EF0B6AB /* TabekiriBiyoriUITests.xctest */ = {isa = PBXFileReference; explicitFileType = wrapper.cfbundle; includeInIndex = 0; path = TabekiriBiyoriUITests.xctest; sourceTree = BUILT_PRODUCTS_DIR; };
		7A9AE0CF500E0D1CA69ECADC /* AppLanguage.swift */ = {isa = PBXFileReference; includeInIndex = 1; lastKnownFileType = sourcecode.swift; name = AppLanguage.swift; path = Services/AppLanguage.swift; sourceTree = "<group>"; };
		82004250ED0160C2194A418F /* HomeView.swift */ = {isa = PBXFileReference; includeInIndex = 1; lastKnownFileType = sourcecode.swift; name = HomeView.swift; path = Views/HomeView.swift; sourceTree = "<group>"; };
		879C02194C5CC5FFACC31115 /* RootView.swift */ = {isa = PBXFileReference; includeInIndex = 1; lastKnownFileType = sourcecode.swift; name = RootView.swift; path = App/RootView.swift; sourceTree = "<group>"; };
		93F4E49BFAFE70ACE29602A6 /* ja */ = {isa = PBXFileReference; includeInIndex = 1; lastKnownFileType = text.plist.strings; name = ja; path = ja.lproj/Widget.strings; sourceTree = "<group>"; };
		94CE4B567F0E5CF0FD00E803 /* FoodItem.swift */ = {isa = PBXFileReference; includeInIndex = 1; lastKnownFileType = sourcecode.swift; name = FoodItem.swift; path = Models/FoodItem.swift; sourceTree = "<group>"; };
		A6EB36DC8F39C1A703F3D2EB /* ReminderService.swift */ = {isa = PBXFileReference; includeInIndex = 1; lastKnownFileType = sourcecode.swift; name = ReminderService.swift; path = Services/ReminderService.swift; sourceTree = "<group>"; };
		BCF06C85703C1953C7FAA580 /* CameraPicker.swift */ = {isa = PBXFileReference; includeInIndex = 1; lastKnownFileType = sourcecode.swift; name = CameraPicker.swift; path = Views/CameraPicker.swift; sourceTree = "<group>"; };
		C72CCB5D1A13A3695D4C3310 /* ja */ = {isa = PBXFileReference; includeInIndex = 1; lastKnownFileType = text.plist.strings; name = ja; path = ja.lproj/InfoPlist.strings; sourceTree = "<group>"; };
		CA93976FF93982188CCA6A8C /* TabekiriBiyoriApp.swift */ = {isa = PBXFileReference; includeInIndex = 1; lastKnownFileType = sourcecode.swift; name = TabekiriBiyoriApp.swift; path = App/TabekiriBiyoriApp.swift; sourceTree = "<group>"; };
		CEA114FBCC7369FB81614436 /* TabekiriWidget.swift */ = {isa = PBXFileReference; includeInIndex = 1; lastKnownFileType = sourcecode.swift; path = TabekiriWidget.swift; sourceTree = "<group>"; };
		D1CEB332628B86D826898EDB /* FoodEditorView.swift */ = {isa = PBXFileReference; includeInIndex = 1; lastKnownFileType = sourcecode.swift; name = FoodEditorView.swift; path = Views/FoodEditorView.swift; sourceTree = "<group>"; };
		E0242989E26F0D6F80B53072 /* TabekiriWidget.appex */ = {isa = PBXFileReference; explicitFileType = "wrapper.app-extension"; includeInIndex = 0; path = TabekiriWidget.appex; sourceTree = BUILT_PRODUCTS_DIR; };
		E13DFB11EFD39B9118E5FF66 /* FoodItemTests.swift */ = {isa = PBXFileReference; includeInIndex = 1; lastKnownFileType = sourcecode.swift; path = FoodItemTests.swift; sourceTree = "<group>"; };
		E3556C60EB2CAAA89A5FAF54 /* zh-Hans */ = {isa = PBXFileReference; includeInIndex = 1; lastKnownFileType = text.plist.strings; name = "zh-Hans"; path = "zh-Hans.lproj/InfoPlist.strings"; sourceTree = "<group>"; };
		E770EE2B95E74A68805E1505 /* zh-Hans */ = {isa = PBXFileReference; includeInIndex = 1; lastKnownFileType = text.plist.strings; name = "zh-Hans"; path = "zh-Hans.lproj/Localizable.strings"; sourceTree = "<group>"; };
		EC13526E8BBAA705258F6DE7 /* en */ = {isa = PBXFileReference; includeInIndex = 1; lastKnownFileType = text.plist.strings; name = en; path = en.lproj/Localizable.strings; sourceTree = "<group>"; };
		F152F144542A4FE50D21C37D /* TabekiriBiyoriTests.xctest */ = {isa = PBXFileReference; explicitFileType = wrapper.cfbundle; includeInIndex = 0; path = TabekiriBiyoriTests.xctest; sourceTree = BUILT_PRODUCTS_DIR; };
/* End PBXFileReference section */

/* Begin PBXFrameworksBuildPhase section */
		4E520D468671D2F366FDF280 /* Frameworks */ = {
			isa = PBXFrameworksBuildPhase;
			buildActionMask = 2147483647;
			files = (
				097BB9F9783C99C046F00B88 /* Foundation.framework in Frameworks */,
			);
			runOnlyForDeploymentPostprocessing = 0;
		};
		C7C514F3DDE0F14AC174BAD9 /* Frameworks */ = {
			isa = PBXFrameworksBuildPhase;
			buildActionMask = 2147483647;
			files = (
				AD296AF815F143BB048987F4 /* Foundation.framework in Frameworks */,
			);
			runOnlyForDeploymentPostprocessing = 0;
		};
		D1C5D5E4471A3E96628F829A /* Frameworks */ = {
			isa = PBXFrameworksBuildPhase;
			buildActionMask = 2147483647;
			files = (
				54EACECAD3C0634A8DCC038E /* Foundation.framework in Frameworks */,
			);
			runOnlyForDeploymentPostprocessing = 0;
		};
		D453EA4B0962151281BE1ACC /* Frameworks */ = {
			isa = PBXFrameworksBuildPhase;
			buildActionMask = 2147483647;
			files = (
				26E0D4D97D222EC259C95F9A /* Foundation.framework in Frameworks */,
			);
			runOnlyForDeploymentPostprocessing = 0;
		};
/* End PBXFrameworksBuildPhase section */

/* Begin PBXGroup section */
		197EB9E4025499D880E45CDC /* TabekiriBiyoriTests */ = {
			isa = PBXGroup;
			children = (
				E13DFB11EFD39B9118E5FF66 /* FoodItemTests.swift */,
			);
			name = TabekiriBiyoriTests;
			path = TabekiriBiyoriTests;
			sourceTree = "<group>";
		};
		5EBD06DD531BCB27F69659A8 /* Products */ = {
			isa = PBXGroup;
			children = (
				510C974E007BCC68EE3E49AA /* TabekiriBiyori.app */,
				E0242989E26F0D6F80B53072 /* TabekiriWidget.appex */,
				F152F144542A4FE50D21C37D /* TabekiriBiyoriTests.xctest */,
				7A8ACF1F7E8D8BC38EF0B6AB /* TabekiriBiyoriUITests.xctest */,
			);
			name = Products;
			sourceTree = "<group>";
		};
		9F3673184ADF418E5E5FA934 = {
			isa = PBXGroup;
			children = (
				5EBD06DD531BCB27F69659A8 /* Products */,
				B7AF32153077A79BB5178A0C /* Frameworks */,
				F39A8E28306F2B717A82527C /* TabekiriBiyori */,
				EC0E60BB633413BDF7690615 /* TabekiriWidget */,
				197EB9E4025499D880E45CDC /* TabekiriBiyoriTests */,
				B040AF3EEFF945D5994D73B8 /* TabekiriBiyoriUITests */,
			);
			sourceTree = "<group>";
		};
		B040AF3EEFF945D5994D73B8 /* TabekiriBiyoriUITests */ = {
			isa = PBXGroup;
			children = (
				5C8D63A4BE9AD0D1241A547C /* TabekiriBiyoriUITests.swift */,
			);
			name = TabekiriBiyoriUITests;
			path = TabekiriBiyoriUITests;
			sourceTree = "<group>";
		};
		B7AF32153077A79BB5178A0C /* Frameworks */ = {
			isa = PBXGroup;
			children = (
				FFD9837FDAD1CAB3BB8FDC40 /* iOS */,
			);
			name = Frameworks;
			sourceTree = "<group>";
		};
		EC0E60BB633413BDF7690615 /* TabekiriWidget */ = {
			isa = PBXGroup;
			children = (
				CEA114FBCC7369FB81614436 /* TabekiriWidget.swift */,
				075467D82E0C22F47B4080EA /* AppTheme.swift */,
				5FF1B49C20031E7A057C584F /* FoodItem.swift */,
				49EC5F7B2C23FA189E99A61A /* WidgetSnapshotService.swift */,
				6A5F0512D903A955F9D8B171 /* PrivacyInfo.xcprivacy */,
			);
			name = TabekiriWidget;
			path = TabekiriWidget;
			sourceTree = "<group>";
		};
		F39A8E28306F2B717A82527C /* TabekiriBiyori */ = {
			isa = PBXGroup;
			children = (
				5082525AA9DB070DE9233F98 /* AppTheme.swift */,
				879C02194C5CC5FFACC31115 /* RootView.swift */,
				CA93976FF93982188CCA6A8C /* TabekiriBiyoriApp.swift */,
				94CE4B567F0E5CF0FD00E803 /* FoodItem.swift */,
				7A9AE0CF500E0D1CA69ECADC /* AppLanguage.swift */,
				0EA77D4F2FD09D3CC3330202 /* DateRecognitionService.swift */,
				A6EB36DC8F39C1A703F3D2EB /* ReminderService.swift */,
				4A73B454F402BA4683573C5D /* WidgetSnapshotService.swift */,
				BCF06C85703C1953C7FAA580 /* CameraPicker.swift */,
				51B1FE52FCE62842AA7E065E /* FoodDetailView.swift */,
				D1CEB332628B86D826898EDB /* FoodEditorView.swift */,
				217993447B704DF2C4B2E01D /* HistoryView.swift */,
				82004250ED0160C2194A418F /* HomeView.swift */,
				66993DF1CDB2478007A4C4DD /* SettingsView.swift */,
				027F312CE71263B66AF6A599 /* Assets.xcassets */,
				758B641AD811B297BA8EEF1E /* PrivacyInfo.xcprivacy */,
				0B4BC76D7875D8BD02C0C094 /* Localizable.strings */,
				16A8D368C97418506D747F47 /* InfoPlist.strings */,
				0677585EB110794DE7DA6CF2 /* Widget.strings */,
			);
			name = TabekiriBiyori;
			path = TabekiriBiyori;
			sourceTree = "<group>";
		};
		FFD9837FDAD1CAB3BB8FDC40 /* iOS */ = {
			isa = PBXGroup;
			children = (
				6FA0DE76AA40A9597F5A1C46 /* Foundation.framework */,
			);
			name = iOS;
			sourceTree = "<group>";
		};
/* End PBXGroup section */

/* Begin PBXNativeTarget section */
		68928D180E55929E0566BD07 /* TabekiriBiyori */ = {
			isa = PBXNativeTarget;
			buildConfigurationList = 55685DEC0AB3EC2AB2BC835C /* Build configuration list for PBXNativeTarget "TabekiriBiyori" */;
			buildPhases = (
				7DBA31BB79834373FB305C00 /* Sources */,
				D453EA4B0962151281BE1ACC /* Frameworks */,
				D048B8CCA344ABD20C117437 /* Resources */,
				66C590184FC3063828B375DE /* Embed App Extensions */,
			);
			buildRules = (
			);
			dependencies = (
				4E65DC9CA1F50E8DF62F569E /* PBXTargetDependency */,
			);
			name = TabekiriBiyori;
			productName = TabekiriBiyori;
			productReference = 510C974E007BCC68EE3E49AA /* TabekiriBiyori.app */;
			productType = "com.apple.product-type.application";
		};
		A6A56E1F09A8535F001D6A9D /* TabekiriBiyoriUITests */ = {
			isa = PBXNativeTarget;
			buildConfigurationList = AF1F14353BAEBFBE6EEE2275 /* Build configuration list for PBXNativeTarget "TabekiriBiyoriUITests" */;
			buildPhases = (
				7FA454EA0F403F96840AAFBC /* Sources */,
				4E520D468671D2F366FDF280 /* Frameworks */,
				B4FCC0744F0759470D6994DC /* Resources */,
			);
			buildRules = (
			);
			dependencies = (
				5ECFFD07AE5F155244989EE1 /* PBXTargetDependency */,
			);
			name = TabekiriBiyoriUITests;
			productName = TabekiriBiyoriUITests;
			productReference = 7A8ACF1F7E8D8BC38EF0B6AB /* TabekiriBiyoriUITests.xctest */;
			productType = "com.apple.product-type.bundle.ui-testing";
		};
		BF2C915839C10038A6946396 /* TabekiriBiyoriTests */ = {
			isa = PBXNativeTarget;
			buildConfigurationList = 44ED311A6F302EE16699FA2F /* Build configuration list for PBXNativeTarget "TabekiriBiyoriTests" */;
			buildPhases = (
				98775CB911B264F74401A780 /* Sources */,
				D1C5D5E4471A3E96628F829A /* Frameworks */,
				F2036764C1B6836C12F5B24A /* Resources */,
			);
			buildRules = (
			);
			dependencies = (
				B1788EA63F686EE2D70CC6B8 /* PBXTargetDependency */,
			);
			name = TabekiriBiyoriTests;
			productName = TabekiriBiyoriTests;
			productReference = F152F144542A4FE50D21C37D /* TabekiriBiyoriTests.xctest */;
			productType = "com.apple.product-type.bundle.unit-test";
		};
		C1611CB60FB93EDF43F4D3D5 /* TabekiriWidget */ = {
			isa = PBXNativeTarget;
			buildConfigurationList = C1E4CDB0D226F9B3C14A4A4B /* Build configuration list for PBXNativeTarget "TabekiriWidget" */;
			buildPhases = (
				EC629C1FA0148FA4C6A3A4FE /* Sources */,
				C7C514F3DDE0F14AC174BAD9 /* Frameworks */,
				251EA7F4C0112E4A2B656D22 /* Resources */,
			);
			buildRules = (
			);
			dependencies = (
			);
			name = TabekiriWidget;
			productName = TabekiriWidget;
			productReference = E0242989E26F0D6F80B53072 /* TabekiriWidget.appex */;
			productType = "com.apple.product-type.app-extension";
		};
/* End PBXNativeTarget section */

/* Begin PBXProject section */
		FC09C58B731B924D2CC3B184 /* Project object */ = {
			isa = PBXProject;
			attributes = {
				LastSwiftUpdateCheck = 1600;
				LastUpgradeCheck = 1600;
			};
			buildConfigurationList = 5F19CD91D5A0FA5845C1D9FD /* Build configuration list for PBXProject "TabekiriBiyori" */;
			compatibilityVersion = "Xcode 3.2";
			developmentRegion = en;
			hasScannedForEncodings = 0;
			knownRegions = (
				en,
				ja,
				"zh-Hans",
				Base,
			);
			mainGroup = 9F3673184ADF418E5E5FA934;
			minimizedProjectReferenceProxies = 0;
			preferredProjectObjectVersion = 77;
			productRefGroup = 5EBD06DD531BCB27F69659A8 /* Products */;
			projectDirPath = "";
			projectRoot = "";
			targets = (
				68928D180E55929E0566BD07 /* TabekiriBiyori */,
				C1611CB60FB93EDF43F4D3D5 /* TabekiriWidget */,
				BF2C915839C10038A6946396 /* TabekiriBiyoriTests */,
				A6A56E1F09A8535F001D6A9D /* TabekiriBiyoriUITests */,
			);
		};
/* End PBXProject section */

/* Begin PBXResourcesBuildPhase section */
		251EA7F4C0112E4A2B656D22 /* Resources */ = {
			isa = PBXResourcesBuildPhase;
			buildActionMask = 2147483647;
			files = (
				043CCCAFC701E0B2A3AFBFD9 /* PrivacyInfo.xcprivacy in Resources */,
				B81FA3E3E6BB5028AC3AEA4F /* Widget.strings in Resources */,
			);
			runOnlyForDeploymentPostprocessing = 0;
		};
		B4FCC0744F0759470D6994DC /* Resources */ = {
			isa = PBXResourcesBuildPhase;
			buildActionMask = 2147483647;
			files = (
			);
			runOnlyForDeploymentPostprocessing = 0;
		};
		D048B8CCA344ABD20C117437 /* Resources */ = {
			isa = PBXResourcesBuildPhase;
			buildActionMask = 2147483647;
			files = (
				BA87C98E6CADFCC2A31FEA0D /* Assets.xcassets in Resources */,
				3B2DA1EFED43C607294C14E2 /* PrivacyInfo.xcprivacy in Resources */,
				C9AA01F26C95B9EAF3DD1376 /* Localizable.strings in Resources */,
				6B4DE3C48B33E2F01AFA8893 /* InfoPlist.strings in Resources */,
			);
			runOnlyForDeploymentPostprocessing = 0;
		};
		F2036764C1B6836C12F5B24A /* Resources */ = {
			isa = PBXResourcesBuildPhase;
			buildActionMask = 2147483647;
			files = (
			);
			runOnlyForDeploymentPostprocessing = 0;
		};
/* End PBXResourcesBuildPhase section */

/* Begin PBXSourcesBuildPhase section */
		7DBA31BB79834373FB305C00 /* Sources */ = {
			isa = PBXSourcesBuildPhase;
			buildActionMask = 2147483647;
			files = (
				41A796EFF03EE1D2A42238EC /* AppTheme.swift in Sources */,
				59FDEDD26F8A14E7FC4BC059 /* RootView.swift in Sources */,
				3FA60048E8CC5566F14101F5 /* TabekiriBiyoriApp.swift in Sources */,
				4FF68CB865FE1D53E7D7424D /* FoodItem.swift in Sources */,
				E87D110FBEDE51926C021A55 /* AppLanguage.swift in Sources */,
				A8727BF353D1FDC5CB476DC8 /* DateRecognitionService.swift in Sources */,
				45A93332997211347716B795 /* ReminderService.swift in Sources */,
				C9B79731D45B8835789FD86A /* WidgetSnapshotService.swift in Sources */,
				08A949C1B8FB99C8187D43CA /* CameraPicker.swift in Sources */,
				6AA971EF344B62E4DAD25949 /* FoodDetailView.swift in Sources */,
				41E79CA87A914738671EDD13 /* FoodEditorView.swift in Sources */,
				37435FF31D5D16AB6473BA9E /* HistoryView.swift in Sources */,
				2CE18ED5BF41A6DF9AA759CF /* HomeView.swift in Sources */,
				AF14AA1F2F68C80499A6470B /* SettingsView.swift in Sources */,
			);
			runOnlyForDeploymentPostprocessing = 0;
		};
		7FA454EA0F403F96840AAFBC /* Sources */ = {
			isa = PBXSourcesBuildPhase;
			buildActionMask = 2147483647;
			files = (
				E56729B7019808217BA76239 /* TabekiriBiyoriUITests.swift in Sources */,
			);
			runOnlyForDeploymentPostprocessing = 0;
		};
		98775CB911B264F74401A780 /* Sources */ = {
			isa = PBXSourcesBuildPhase;
			buildActionMask = 2147483647;
			files = (
				C99FF3DB73D6CEDE514D1179 /* FoodItemTests.swift in Sources */,
			);
			runOnlyForDeploymentPostprocessing = 0;
		};
		EC629C1FA0148FA4C6A3A4FE /* Sources */ = {
			isa = PBXSourcesBuildPhase;
			buildActionMask = 2147483647;
			files = (
				CFABCD93797AE29125895ABC /* TabekiriWidget.swift in Sources */,
				2DE1CE0389B04A25AFDF4595 /* AppTheme.swift in Sources */,
				806D74BE5A937DA6371B971F /* FoodItem.swift in Sources */,
				D00AF1593AA2886A8FDF1699 /* WidgetSnapshotService.swift in Sources */,
			);
			runOnlyForDeploymentPostprocessing = 0;
		};
/* End PBXSourcesBuildPhase section */

/* Begin PBXTargetDependency section */
		4E65DC9CA1F50E8DF62F569E /* PBXTargetDependency */ = {
			isa = PBXTargetDependency;
			name = TabekiriWidget;
			target = C1611CB60FB93EDF43F4D3D5 /* TabekiriWidget */;
			targetProxy = 2893CD88F1CEAF0321FF6EDF /* PBXContainerItemProxy */;
		};
		5ECFFD07AE5F155244989EE1 /* PBXTargetDependency */ = {
			isa = PBXTargetDependency;
			name = TabekiriBiyori;
			target = 68928D180E55929E0566BD07 /* TabekiriBiyori */;
			targetProxy = 6164C9E02E8D3664CA060E2A /* PBXContainerItemProxy */;
		};
		B1788EA63F686EE2D70CC6B8 /* PBXTargetDependency */ = {
			isa = PBXTargetDependency;
			name = TabekiriBiyori;
			target = 68928D180E55929E0566BD07 /* TabekiriBiyori */;
			targetProxy = 358AB8919E6C2971A647D5C2 /* PBXContainerItemProxy */;
		};
/* End PBXTargetDependency section */

/* Begin PBXVariantGroup section */
		0677585EB110794DE7DA6CF2 /* Widget.strings */ = {
			isa = PBXVariantGroup;
			children = (
				93F4E49BFAFE70ACE29602A6 /* ja */,
				22B2487E7A8A49631BF5E597 /* en */,
				4740A8AAA67B21752CA29F98 /* zh-Hans */,
			);
			name = Widget.strings;
			sourceTree = "<group>";
		};
		0B4BC76D7875D8BD02C0C094 /* Localizable.strings */ = {
			isa = PBXVariantGroup;
			children = (
				6945DA43E4CBC5CEFA0359EB /* ja */,
				EC13526E8BBAA705258F6DE7 /* en */,
				E770EE2B95E74A68805E1505 /* zh-Hans */,
			);
			name = Localizable.strings;
			sourceTree = "<group>";
		};
		16A8D368C97418506D747F47 /* InfoPlist.strings */ = {
			isa = PBXVariantGroup;
			children = (
				C72CCB5D1A13A3695D4C3310 /* ja */,
				75F4ED89F10D61B71C68694C /* en */,
				E3556C60EB2CAAA89A5FAF54 /* zh-Hans */,
			);
			name = InfoPlist.strings;
			sourceTree = "<group>";
		};
/* End PBXVariantGroup section */

/* Begin XCBuildConfiguration section */
		06938DB157EEC2F125B17989 /* Debug */ = {
			isa = XCBuildConfiguration;
			buildSettings = {
				CLANG_ENABLE_OBJC_WEAK = NO;
				CODE_SIGN_ENTITLEMENTS = TabekiriWidget/TabekiriWidget.entitlements;
				CURRENT_PROJECT_VERSION = 1;
				GENERATE_INFOPLIST_FILE = NO;
				INFOPLIST_FILE = TabekiriWidget/Info.plist;
				IPHONEOS_DEPLOYMENT_TARGET = 17.0;
				MARKETING_VERSION = 1.0.0;
				PRODUCT_BUNDLE_IDENTIFIER = com.zhouyajie.tabekiribiyori.widget;
				SDKROOT = iphoneos;
				SKIP_INSTALL = YES;
				SWIFT_VERSION = 5.0;
				TARGETED_DEVICE_FAMILY = 1;
			};
			name = Debug;
		};
		0748CF353F064DB8CED2CCDC /* Release */ = {
			isa = XCBuildConfiguration;
			buildSettings = {
				BUNDLE_LOADER = "$(TEST_HOST)";
				CLANG_ENABLE_OBJC_WEAK = NO;
				GENERATE_INFOPLIST_FILE = YES;
				IPHONEOS_DEPLOYMENT_TARGET = 17.0;
				PRODUCT_BUNDLE_IDENTIFIER = com.zhouyajie.tabekiribiyori.tests;
				SDKROOT = iphoneos;
				SWIFT_VERSION = 5.0;
				TARGETED_DEVICE_FAMILY = 1;
				TEST_HOST = "$(BUILT_PRODUCTS_DIR)/TabekiriBiyori.app/$(BUNDLE_EXECUTABLE_FOLDER_PATH)/TabekiriBiyori";
				VALIDATE_PRODUCT = YES;
			};
			name = Release;
		};
		29A20D20E5CD120F472B4370 /* Debug */ = {
			isa = XCBuildConfiguration;
			buildSettings = {
				BUNDLE_LOADER = "$(TEST_HOST)";
				CLANG_ENABLE_OBJC_WEAK = NO;
				GENERATE_INFOPLIST_FILE = YES;
				IPHONEOS_DEPLOYMENT_TARGET = 17.0;
				PRODUCT_BUNDLE_IDENTIFIER = com.zhouyajie.tabekiribiyori.tests;
				SDKROOT = iphoneos;
				SWIFT_VERSION = 5.0;
				TARGETED_DEVICE_FAMILY = 1;
				TEST_HOST = "$(BUILT_PRODUCTS_DIR)/TabekiriBiyori.app/$(BUNDLE_EXECUTABLE_FOLDER_PATH)/TabekiriBiyori";
			};
			name = Debug;
		};
		9A243BD3F4A7575E40F7AAB7 /* Release */ = {
			isa = XCBuildConfiguration;
			buildSettings = {
				CLANG_ENABLE_OBJC_WEAK = NO;
				CODE_SIGN_ENTITLEMENTS = TabekiriWidget/TabekiriWidget.entitlements;
				CURRENT_PROJECT_VERSION = 1;
				GENERATE_INFOPLIST_FILE = NO;
				INFOPLIST_FILE = TabekiriWidget/Info.plist;
				IPHONEOS_DEPLOYMENT_TARGET = 17.0;
				MARKETING_VERSION = 1.0.0;
				PRODUCT_BUNDLE_IDENTIFIER = com.zhouyajie.tabekiribiyori.widget;
				SDKROOT = iphoneos;
				SKIP_INSTALL = YES;
				SWIFT_VERSION = 5.0;
				TARGETED_DEVICE_FAMILY = 1;
				VALIDATE_PRODUCT = YES;
			};
			name = Release;
		};
		B4D09B2C24F1C62C18E8B820 /* Debug */ = {
			isa = XCBuildConfiguration;
			buildSettings = {
				CLANG_ENABLE_OBJC_WEAK = NO;
				GENERATE_INFOPLIST_FILE = YES;
				IPHONEOS_DEPLOYMENT_TARGET = 17.0;
				PRODUCT_BUNDLE_IDENTIFIER = com.zhouyajie.tabekiribiyori.uitests;
				SDKROOT = iphoneos;
				SWIFT_VERSION = 5.0;
				TARGETED_DEVICE_FAMILY = 1;
				TEST_TARGET_NAME = TabekiriBiyori;
			};
			name = Debug;
		};
		B8139ED08B5B4502A645524D /* Release */ = {
			isa = XCBuildConfiguration;
			buildSettings = {
				ALWAYS_SEARCH_USER_PATHS = NO;
				CLANG_ANALYZER_NONNULL = YES;
				CLANG_ANALYZER_NUMBER_OBJECT_CONVERSION = YES_AGGRESSIVE;
				CLANG_CXX_LANGUAGE_STANDARD = "gnu++14";
				CLANG_CXX_LIBRARY = "libc++";
				CLANG_ENABLE_MODULES = YES;
				CLANG_ENABLE_OBJC_ARC = YES;
				CLANG_ENABLE_OBJC_WEAK = YES;
				CLANG_WARN_BLOCK_CAPTURE_AUTORELEASING = YES;
				CLANG_WARN_BOOL_CONVERSION = YES;
				CLANG_WARN_COMMA = YES;
				CLANG_WARN_CONSTANT_CONVERSION = YES;
				CLANG_WARN_DEPRECATED_OBJC_IMPLEMENTATIONS = YES;
				CLANG_WARN_DIRECT_OBJC_ISA_USAGE = YES_ERROR;
				CLANG_WARN_DOCUMENTATION_COMMENTS = YES;
				CLANG_WARN_EMPTY_BODY = YES;
				CLANG_WARN_ENUM_CONVERSION = YES;
				CLANG_WARN_INFINITE_RECURSION = YES;
				CLANG_WARN_INT_CONVERSION = YES;
				CLANG_WARN_NON_LITERAL_NULL_CONVERSION = YES;
				CLANG_WARN_OBJC_IMPLICIT_RETAIN_SELF = YES;
				CLANG_WARN_OBJC_LITERAL_CONVERSION = YES;
				CLANG_WARN_OBJC_ROOT_CLASS = YES_ERROR;
				CLANG_WARN_QUOTED_INCLUDE_IN_FRAMEWORK_HEADER = YES;
				CLANG_WARN_RANGE_LOOP_ANALYSIS = YES;
				CLANG_WARN_STRICT_PROTOTYPES = YES;
				CLANG_WARN_SUSPICIOUS_MOVE = YES;
				CLANG_WARN_UNGUARDED_AVAILABILITY = YES_AGGRESSIVE;
				CLANG_WARN_UNREACHABLE_CODE = YES;
				CLANG_WARN__DUPLICATE_METHOD_MATCH = YES;
				COPY_PHASE_STRIP = NO;
				DEBUG_INFORMATION_FORMAT = "dwarf-with-dsym";
				ENABLE_NS_ASSERTIONS = NO;
				ENABLE_STRICT_OBJC_MSGSEND = YES;
				GCC_C_LANGUAGE_STANDARD = gnu11;
				GCC_NO_COMMON_BLOCKS = YES;
				GCC_WARN_64_TO_32_BIT_CONVERSION = YES;
				GCC_WARN_ABOUT_RETURN_TYPE = YES_ERROR;
				GCC_WARN_UNDECLARED_SELECTOR = YES;
				GCC_WARN_UNINITIALIZED_AUTOS = YES_AGGRESSIVE;
				GCC_WARN_UNUSED_FUNCTION = YES;
				GCC_WARN_UNUSED_VARIABLE = YES;
				MTL_ENABLE_DEBUG_INFO = NO;
				MTL_FAST_MATH = YES;
				PRODUCT_NAME = "$(TARGET_NAME)";
				SWIFT_COMPILATION_MODE = wholemodule;
				SWIFT_OPTIMIZATION_LEVEL = "-O";
				SWIFT_VERSION = 5.0;
			};
			name = Release;
		};
		CFACB58AD9485DFFEB433CDD /* Release */ = {
			isa = XCBuildConfiguration;
			buildSettings = {
				ASSETCATALOG_COMPILER_APPICON_NAME = AppIcon;
				ASSETCATALOG_COMPILER_GLOBAL_ACCENT_COLOR_NAME = AccentColor;
				CLANG_ENABLE_OBJC_WEAK = NO;
				CODE_SIGN_ENTITLEMENTS = TabekiriBiyori/TabekiriBiyori.entitlements;
				CURRENT_PROJECT_VERSION = 1;
				GENERATE_INFOPLIST_FILE = NO;
				INFOPLIST_FILE = TabekiriBiyori/Info.plist;
				IPHONEOS_DEPLOYMENT_TARGET = 17.0;
				LD_RUNPATH_SEARCH_PATHS = "$(inherited) @executable_path/Frameworks";
				MARKETING_VERSION = 1.0.0;
				PRODUCT_BUNDLE_IDENTIFIER = com.zhouyajie.tabekiribiyori;
				SDKROOT = iphoneos;
				SUPPORTS_MACCATALYST = NO;
				SUPPORTS_XR_DESIGNED_FOR_IPHONE_IPAD = NO;
				SWIFT_VERSION = 5.0;
				TARGETED_DEVICE_FAMILY = 1;
				VALIDATE_PRODUCT = YES;
			};
			name = Release;
		};
		E24EA7DDBE3340F0BC18D210 /* Release */ = {
			isa = XCBuildConfiguration;
			buildSettings = {
				CLANG_ENABLE_OBJC_WEAK = NO;
				GENERATE_INFOPLIST_FILE = YES;
				IPHONEOS_DEPLOYMENT_TARGET = 17.0;
				PRODUCT_BUNDLE_IDENTIFIER = com.zhouyajie.tabekiribiyori.uitests;
				SDKROOT = iphoneos;
				SWIFT_VERSION = 5.0;
				TARGETED_DEVICE_FAMILY = 1;
				TEST_TARGET_NAME = TabekiriBiyori;
				VALIDATE_PRODUCT = YES;
			};
			name = Release;
		};
		E8BB87D30F898AFB91651198 /* Debug */ = {
			isa = XCBuildConfiguration;
			buildSettings = {
				ASSETCATALOG_COMPILER_APPICON_NAME = AppIcon;
				ASSETCATALOG_COMPILER_GLOBAL_ACCENT_COLOR_NAME = AccentColor;
				CLANG_ENABLE_OBJC_WEAK = NO;
				CODE_SIGN_ENTITLEMENTS = TabekiriBiyori/TabekiriBiyori.entitlements;
				CURRENT_PROJECT_VERSION = 1;
				GENERATE_INFOPLIST_FILE = NO;
				INFOPLIST_FILE = TabekiriBiyori/Info.plist;
				IPHONEOS_DEPLOYMENT_TARGET = 17.0;
				LD_RUNPATH_SEARCH_PATHS = "$(inherited) @executable_path/Frameworks";
				MARKETING_VERSION = 1.0.0;
				PRODUCT_BUNDLE_IDENTIFIER = com.zhouyajie.tabekiribiyori;
				SDKROOT = iphoneos;
				SUPPORTS_MACCATALYST = NO;
				SUPPORTS_XR_DESIGNED_FOR_IPHONE_IPAD = NO;
				SWIFT_VERSION = 5.0;
				TARGETED_DEVICE_FAMILY = 1;
			};
			name = Debug;
		};
		FCDA8A6CEB3A4CE739A9A2C7 /* Debug */ = {
			isa = XCBuildConfiguration;
			buildSettings = {
				ALWAYS_SEARCH_USER_PATHS = NO;
				CLANG_ANALYZER_NONNULL = YES;
				CLANG_ANALYZER_NUMBER_OBJECT_CONVERSION = YES_AGGRESSIVE;
				CLANG_CXX_LANGUAGE_STANDARD = "gnu++14";
				CLANG_CXX_LIBRARY = "libc++";
				CLANG_ENABLE_MODULES = YES;
				CLANG_ENABLE_OBJC_ARC = YES;
				CLANG_ENABLE_OBJC_WEAK = YES;
				CLANG_WARN_BLOCK_CAPTURE_AUTORELEASING = YES;
				CLANG_WARN_BOOL_CONVERSION = YES;
				CLANG_WARN_COMMA = YES;
				CLANG_WARN_CONSTANT_CONVERSION = YES;
				CLANG_WARN_DEPRECATED_OBJC_IMPLEMENTATIONS = YES;
				CLANG_WARN_DIRECT_OBJC_ISA_USAGE = YES_ERROR;
				CLANG_WARN_DOCUMENTATION_COMMENTS = YES;
				CLANG_WARN_EMPTY_BODY = YES;
				CLANG_WARN_ENUM_CONVERSION = YES;
				CLANG_WARN_INFINITE_RECURSION = YES;
				CLANG_WARN_INT_CONVERSION = YES;
				CLANG_WARN_NON_LITERAL_NULL_CONVERSION = YES;
				CLANG_WARN_OBJC_IMPLICIT_RETAIN_SELF = YES;
				CLANG_WARN_OBJC_LITERAL_CONVERSION = YES;
				CLANG_WARN_OBJC_ROOT_CLASS = YES_ERROR;
				CLANG_WARN_QUOTED_INCLUDE_IN_FRAMEWORK_HEADER = YES;
				CLANG_WARN_RANGE_LOOP_ANALYSIS = YES;
				CLANG_WARN_STRICT_PROTOTYPES = YES;
				CLANG_WARN_SUSPICIOUS_MOVE = YES;
				CLANG_WARN_UNGUARDED_AVAILABILITY = YES_AGGRESSIVE;
				CLANG_WARN_UNREACHABLE_CODE = YES;
				CLANG_WARN__DUPLICATE_METHOD_MATCH = YES;
				COPY_PHASE_STRIP = NO;
				DEBUG_INFORMATION_FORMAT = dwarf;
				ENABLE_STRICT_OBJC_MSGSEND = YES;
				ENABLE_TESTABILITY = YES;
				GCC_C_LANGUAGE_STANDARD = gnu11;
				GCC_DYNAMIC_NO_PIC = NO;
				GCC_NO_COMMON_BLOCKS = YES;
				GCC_OPTIMIZATION_LEVEL = 0;
				GCC_PREPROCESSOR_DEFINITIONS = (
					"DEBUG=1",
					"$(inherited)",
				);
				GCC_WARN_64_TO_32_BIT_CONVERSION = YES;
				GCC_WARN_ABOUT_RETURN_TYPE = YES_ERROR;
				GCC_WARN_UNDECLARED_SELECTOR = YES;
				GCC_WARN_UNINITIALIZED_AUTOS = YES_AGGRESSIVE;
				GCC_WARN_UNUSED_FUNCTION = YES;
				GCC_WARN_UNUSED_VARIABLE = YES;
				MTL_ENABLE_DEBUG_INFO = INCLUDE_SOURCE;
				MTL_FAST_MATH = YES;
				ONLY_ACTIVE_ARCH = YES;
				PRODUCT_NAME = "$(TARGET_NAME)";
				SWIFT_ACTIVE_COMPILATION_CONDITIONS = DEBUG;
				SWIFT_OPTIMIZATION_LEVEL = "-Onone";
				SWIFT_VERSION = 5.0;
			};
			name = Debug;
		};
/* End XCBuildConfiguration section */

/* Begin XCConfigurationList section */
		44ED311A6F302EE16699FA2F /* Build configuration list for PBXNativeTarget "TabekiriBiyoriTests" */ = {
			isa = XCConfigurationList;
			buildConfigurations = (
				0748CF353F064DB8CED2CCDC /* Release */,
				29A20D20E5CD120F472B4370 /* Debug */,
			);
			defaultConfigurationIsVisible = 0;
			defaultConfigurationName = Release;
		};
		55685DEC0AB3EC2AB2BC835C /* Build configuration list for PBXNativeTarget "TabekiriBiyori" */ = {
			isa = XCConfigurationList;
			buildConfigurations = (
				CFACB58AD9485DFFEB433CDD /* Release */,
				E8BB87D30F898AFB91651198 /* Debug */,
			);
			defaultConfigurationIsVisible = 0;
			defaultConfigurationName = Release;
		};
		5F19CD91D5A0FA5845C1D9FD /* Build configuration list for PBXProject "TabekiriBiyori" */ = {
			isa = XCConfigurationList;
			buildConfigurations = (
				FCDA8A6CEB3A4CE739A9A2C7 /* Debug */,
				B8139ED08B5B4502A645524D /* Release */,
			);
			defaultConfigurationIsVisible = 0;
			defaultConfigurationName = Release;
		};
		AF1F14353BAEBFBE6EEE2275 /* Build configuration list for PBXNativeTarget "TabekiriBiyoriUITests" */ = {
			isa = XCConfigurationList;
			buildConfigurations = (
				E24EA7DDBE3340F0BC18D210 /* Release */,
				B4D09B2C24F1C62C18E8B820 /* Debug */,
			);
			defaultConfigurationIsVisible = 0;
			defaultConfigurationName = Release;
		};
		C1E4CDB0D226F9B3C14A4A4B /* Build configuration list for PBXNativeTarget "TabekiriWidget" */ = {
			isa = XCConfigurationList;
			buildConfigurations = (
				9A243BD3F4A7575E40F7AAB7 /* Release */,
				06938DB157EEC2F125B17989 /* Debug */,
			);
			defaultConfigurationIsVisible = 0;
			defaultConfigurationName = Release;
		};
/* End XCConfigurationList section */
	};
	rootObject = FC09C58B731B924D2CC3B184 /* Project object */;
}
